PODS:
  - Alamofire (3.1.5)
  - RxBlocking (2.1.0):
    - RxSwift (~> 2.0)
  - RxCocoa (2.1.0):
    - RxSwift (~> 2.0)
  - RxSwift (2.1.0)
  - SwiftyJSON (2.3.2)

DEPENDENCIES:
  - Alamofire
  - RxBlocking (~> 2.0)
  - RxCocoa (~> 2.0)
  - RxSwift (~> 2.0)
  - SwiftyJSON

SPEC CHECKSUMS:
  Alamofire: 5f730ba29fd113b7ddd71c1e65d0c630acf5d7b0
  RxBlocking: fa297def258d85c5beae9ed507f94645260b3747
  RxCocoa: 79b5feb8378545336e756a0a33fcf5e95050b71c
  RxSwift: 110fb07f81c17c2c3b3254d168363057b1880d18
  SwiftyJSON: 04ccea08915aa0109039157c7974cf0298da292a

COCOAPODS: 0.39.0
