// !$*UTF8*$!
{
	archiveVersion = 1;
	classes = {
	};
	objectVersion = 46;
	objects = {

/* Begin PBXBuildFile section */
		DCE319DC19E9481C00F137F5 /* AppDelegate.swift in Sources */ = {isa = PBXBuildFile; fileRef = DCE319DB19E9481C00F137F5 /* AppDelegate.swift */; };
		DCE319DE19E9481C00F137F5 /* ViewController.swift in Sources */ = {isa = PBXBuildFile; fileRef = DCE319DD19E9481C00F137F5 /* ViewController.swift */; };
		DCE319E119E9481C00F137F5 /* Main.storyboard in Resources */ = {isa = PBXBuildFile; fileRef = DCE319DF19E9481C00F137F5 /* Main.storyboard */; };
		DCE319E319E9481C00F137F5 /* Images.xcassets in Resources */ = {isa = PBXBuildFile; fileRef = DCE319E219E9481C00F137F5 /* Images.xcassets */; };
		DCE319E619E9481C00F137F5 /* LaunchScreen.xib in Resources */ = {isa = PBXBuildFile; fileRef = DCE319E419E9481C00F137F5 /* LaunchScreen.xib */; };
		DCE319F219E9481C00F137F5 /* sample_app_for_collectionviewTests.swift in Sources */ = {isa = PBXBuildFile; fileRef = DCE319F119E9481C00F137F5 /* sample_app_for_collectionviewTests.swift */; };
		DCE319FE19E94E5300F137F5 /* CollectionViewCell.swift in Sources */ = {isa = PBXBuildFile; fileRef = DCE319FD19E94E5300F137F5 /* CollectionViewCell.swift */; };
/* End PBXBuildFile section */

/* Begin PBXContainerItemProxy section */
		DCE319EC19E9481C00F137F5 /* PBXContainerItemProxy */ = {
			isa = PBXContainerItemProxy;
			containerPortal = DCE319CE19E9481C00F137F5 /* Project object */;
			proxyType = 1;
			remoteGlobalIDString = DCE319D519E9481C00F137F5;
			remoteInfo = "sample-app-for-collectionview";
		};
/* End PBXContainerItemProxy section */

/* Begin PBXFileReference section */
		DCE319D619E9481C00F137F5 /* sample-app-for-collectionview.app */ = {isa = PBXFileReference; explicitFileType = wrapper.application; includeInIndex = 0; path = "sample-app-for-collectionview.app"; sourceTree = BUILT_PRODUCTS_DIR; };
		DCE319DA19E9481C00F137F5 /* Info.plist */ = {isa = PBXFileReference; lastKnownFileType = text.plist.xml; path = Info.plist; sourceTree = "<group>"; };
		DCE319DB19E9481C00F137F5 /* AppDelegate.swift */ = {isa = PBXFileReference; lastKnownFileType = sourcecode.swift; path = AppDelegate.swift; sourceTree = "<group>"; };
		DCE319DD19E9481C00F137F5 /* ViewController.swift */ = {isa = PBXFileReference; lastKnownFileType = sourcecode.swift; path = ViewController.swift; sourceTree = "<group>"; };
		DCE319E019E9481C00F137F5 /* Base */ = {isa = PBXFileReference; lastKnownFileType = file.storyboard; name = Base; path = Base.lproj/Main.storyboard; sourceTree = "<group>"; };
		DCE319E219E9481C00F137F5 /* Images.xcassets */ = {isa = PBXFileReference; lastKnownFileType = folder.assetcatalog; path = Images.xcassets; sourceTree = "<group>"; };
		DCE319E519E9481C00F137F5 /* Base */ = {isa = PBXFileReference; lastKnownFileType = file.xib; name = Base; path = Base.lproj/LaunchScreen.xib; sourceTree = "<group>"; };
		DCE319EB19E9481C00F137F5 /* sample-app-for-collectionviewTests.xctest */ = {isa = PBXFileReference; explicitFileType = wrapper.cfbundle; includeInIndex = 0; path = "sample-app-for-collectionviewTests.xctest"; sourceTree = BUILT_PRODUCTS_DIR; };
		DCE319F019E9481C00F137F5 /* Info.plist */ = {isa = PBXFileReference; lastKnownFileType = text.plist.xml; path = Info.plist; sourceTree = "<group>"; };
		DCE319F119E9481C00F137F5 /* sample_app_for_collectionviewTests.swift */ = {isa = PBXFileReference; lastKnownFileType = sourcecode.swift; path = sample_app_for_collectionviewTests.swift; sourceTree = "<group>"; };
		DCE319FD19E94E5300F137F5 /* CollectionViewCell.swift */ = {isa = PBXFileReference; fileEncoding = 4; lastKnownFileType = sourcecode.swift; path = CollectionViewCell.swift; sourceTree = "<group>"; };
/* End PBXFileReference section */

/* Begin PBXFrameworksBuildPhase section */
		DCE319D319E9481C00F137F5 /* Frameworks */ = {
			isa = PBXFrameworksBuildPhase;
			buildActionMask = 2147483647;
			files = (
			);
			runOnlyForDeploymentPostprocessing = 0;
		};
		DCE319E819E9481C00F137F5 /* Frameworks */ = {
			isa = PBXFrameworksBuildPhase;
			buildActionMask = 2147483647;
			files = (
			);
			runOnlyForDeploymentPostprocessing = 0;
		};
/* End PBXFrameworksBuildPhase section */

/* Begin PBXGroup section */
		DCE319CD19E9481C00F137F5 = {
			isa = PBXGroup;
			children = (
				DCE319D819E9481C00F137F5 /* sample-app-for-collectionview */,
				DCE319EE19E9481C00F137F5 /* sample-app-for-collectionviewTests */,
				DCE319D719E9481C00F137F5 /* Products */,
			);
			sourceTree = "<group>";
		};
		DCE319D719E9481C00F137F5 /* Products */ = {
			isa = PBXGroup;
			children = (
				DCE319D619E9481C00F137F5 /* sample-app-for-collectionview.app */,
				DCE319EB19E9481C00F137F5 /* sample-app-for-collectionviewTests.xctest */,
			);
			name = Products;
			sourceTree = "<group>";
		};
		DCE319D819E9481C00F137F5 /* sample-app-for-collectionview */ = {
			isa = PBXGroup;
			children = (
				DCE319DB19E9481C00F137F5 /* AppDelegate.swift */,
				DCE319DD19E9481C00F137F5 /* ViewController.swift */,
				DCE319FD19E94E5300F137F5 /* CollectionViewCell.swift */,
				DCE319DF19E9481C00F137F5 /* Main.storyboard */,
				DCE319E219E9481C00F137F5 /* Images.xcassets */,
				DCE319E419E9481C00F137F5 /* LaunchScreen.xib */,
				DCE319D919E9481C00F137F5 /* Supporting Files */,
			);
			path = "sample-app-for-collectionview";
			sourceTree = "<group>";
		};
		DCE319D919E9481C00F137F5 /* Supporting Files */ = {
			isa = PBXGroup;
			children = (
				DCE319DA19E9481C00F137F5 /* Info.plist */,
			);
			name = "Supporting Files";
			sourceTree = "<group>";
		};
		DCE319EE19E9481C00F137F5 /* sample-app-for-collectionviewTests */ = {
			isa = PBXGroup;
			children = (
				DCE319F119E9481C00F137F5 /* sample_app_for_collectionviewTests.swift */,
				DCE319EF19E9481C00F137F5 /* Supporting Files */,
			);
			path = "sample-app-for-collectionviewTests";
			sourceTree = "<group>";
		};
		DCE319EF19E9481C00F137F5 /* Supporting Files */ = {
			isa = PBXGroup;
			children = (
				DCE319F019E9481C00F137F5 /* Info.plist */,
			);
			name = "Supporting Files";
			sourceTree = "<group>";
		};
/* End PBXGroup section */

/* Begin PBXNativeTarget section */
		DCE319D519E9481C00F137F5 /* sample-app-for-collectionview */ = {
			isa = PBXNativeTarget;
			buildConfigurationList = DCE319F519E9481C00F137F5 /* Build configuration list for PBXNativeTarget "sample-app-for-collectionview" */;
			buildPhases = (
				DCE319D219E9481C00F137F5 /* Sources */,
				DCE319D319E9481C00F137F5 /* Frameworks */,
				DCE319D419E9481C00F137F5 /* Resources */,
			);
			buildRules = (
			);
			dependencies = (
			);
			name = "sample-app-for-collectionview";
			productName = "sample-app-for-collectionview";
			productReference = DCE319D619E9481C00F137F5 /* sample-app-for-collectionview.app */;
			productType = "com.apple.product-type.application";
		};
		DCE319EA19E9481C00F137F5 /* sample-app-for-collectionviewTests */ = {
			isa = PBXNativeTarget;
			buildConfigurationList = DCE319F819E9481C00F137F5 /* Build configuration list for PBXNativeTarget "sample-app-for-collectionviewTests" */;
			buildPhases = (
				DCE319E719E9481C00F137F5 /* Sources */,
				DCE319E819E9481C00F137F5 /* Frameworks */,
				DCE319E919E9481C00F137F5 /* Resources */,
			);
			buildRules = (
			);
			dependencies = (
				DCE319ED19E9481C00F137F5 /* PBXTargetDependency */,
			);
			name = "sample-app-for-collectionviewTests";
			productName = "sample-app-for-collectionviewTests";
			productReference = DCE319EB19E9481C00F137F5 /* sample-app-for-collectionviewTests.xctest */;
			productType = "com.apple.product-type.bundle.unit-test";
		};
/* End PBXNativeTarget section */

/* Begin PBXProject section */
		DCE319CE19E9481C00F137F5 /* Project object */ = {
			isa = PBXProject;
			attributes = {
				LastSwiftMigration = 0720;
				LastSwiftUpdateCheck = 0720;
				LastUpgradeCheck = 0600;
				ORGANIZATIONNAME = net.nakajijapan;
				TargetAttributes = {
					DCE319D519E9481C00F137F5 = {
						CreatedOnToolsVersion = 6.0.1;
					};
					DCE319EA19E9481C00F137F5 = {
						CreatedOnToolsVersion = 6.0.1;
						TestTargetID = DCE319D519E9481C00F137F5;
					};
				};
			};
			buildConfigurationList = DCE319D119E9481C00F137F5 /* Build configuration list for PBXProject "sample-app-for-collectionview" */;
			compatibilityVersion = "Xcode 3.2";
			developmentRegion = English;
			hasScannedForEncodings = 0;
			knownRegions = (
				en,
				Base,
			);
			mainGroup = DCE319CD19E9481C00F137F5;
			productRefGroup = DCE319D719E9481C00F137F5 /* Products */;
			projectDirPath = "";
			projectRoot = "";
			targets = (
				DCE319D519E9481C00F137F5 /* sample-app-for-collectionview */,
				DCE319EA19E9481C00F137F5 /* sample-app-for-collectionviewTests */,
			);
		};
/* End PBXProject section */

/* Begin PBXResourcesBuildPhase section */
		DCE319D419E9481C00F137F5 /* Resources */ = {
			isa = PBXResourcesBuildPhase;
			buildActionMask = 2147483647;
			files = (
				DCE319E119E9481C00F137F5 /* Main.storyboard in Resources */,
				DCE319E619E9481C00F137F5 /* LaunchScreen.xib in Resources */,
				DCE319E319E9481C00F137F5 /* Images.xcassets in Resources */,
			);
			runOnlyForDeploymentPostprocessing = 0;
		};
		DCE319E919E9481C00F137F5 /* Resources */ = {
			isa = PBXResourcesBuildPhase;
			buildActionMask = 2147483647;
			files = (
			);
			runOnlyForDeploymentPostprocessing = 0;
		};
/* End PBXResourcesBuildPhase section */

/* Begin PBXSourcesBuildPhase section */
		DCE319D219E9481C00F137F5 /* Sources */ = {
			isa = PBXSourcesBuildPhase;
			buildActionMask = 2147483647;
			files = (
				DCE319DE19E9481C00F137F5 /* ViewController.swift in Sources */,
				DCE319DC19E9481C00F137F5 /* AppDelegate.swift in Sources */,
				DCE319FE19E94E5300F137F5 /* CollectionViewCell.swift in Sources */,
			);
			runOnlyForDeploymentPostprocessing = 0;
		};
		DCE319E719E9481C00F137F5 /* Sources */ = {
			isa = PBXSourcesBuildPhase;
			buildActionMask = 2147483647;
			files = (
				DCE319F219E9481C00F137F5 /* sample_app_for_collectionviewTests.swift in Sources */,
			);
			runOnlyForDeploymentPostprocessing = 0;
		};
/* End PBXSourcesBuildPhase section */

/* Begin PBXTargetDependency section */
		DCE319ED19E9481C00F137F5 /* PBXTargetDependency */ = {
			isa = PBXTargetDependency;
			target = DCE319D519E9481C00F137F5 /* sample-app-for-collectionview */;
			targetProxy = DCE319EC19E9481C00F137F5 /* PBXContainerItemProxy */;
		};
/* End PBXTargetDependency section */

/* Begin PBXVariantGroup section */
		DCE319DF19E9481C00F137F5 /* Main.storyboard */ = {
			isa = PBXVariantGroup;
			children = (
				DCE319E019E9481C00F137F5 /* Base */,
			);
			name = Main.storyboard;
			sourceTree = "<group>";
		};
		DCE319E419E9481C00F137F5 /* LaunchScreen.xib */ = {
			isa = PBXVariantGroup;
			children = (
				DCE319E519E9481C00F137F5 /* Base */,
			);
			name = LaunchScreen.xib;
			sourceTree = "<group>";
		};
/* End PBXVariantGroup section */

/* Begin XCBuildConfiguration section */
		DCE319F319E9481C00F137F5 /* Debug */ = {
			isa = XCBuildConfiguration;
			buildSettings = {
				ALWAYS_SEARCH_USER_PATHS = NO;
				CLANG_CXX_LANGUAGE_STANDARD = "gnu++0x";
				CLANG_CXX_LIBRARY = "libc++";
				CLANG_ENABLE_MODULES = YES;
				CLANG_ENABLE_OBJC_ARC = YES;
				CLANG_WARN_BOOL_CONVERSION = YES;
				CLANG_WARN_CONSTANT_CONVERSION = YES;
				CLANG_WARN_DIRECT_OBJC_ISA_USAGE = YES_ERROR;
				CLANG_WARN_EMPTY_BODY = YES;
				CLANG_WARN_ENUM_CONVERSION = YES;
				CLANG_WARN_INT_CONVERSION = YES;
				CLANG_WARN_OBJC_ROOT_CLASS = YES_ERROR;
				CLANG_WARN_UNREACHABLE_CODE = YES;
				CLANG_WARN__DUPLICATE_METHOD_MATCH = YES;
				"CODE_SIGN_IDENTITY[sdk=iphoneos*]" = "iPhone Developer";
				COPY_PHASE_STRIP = NO;
				ENABLE_STRICT_OBJC_MSGSEND = YES;
				GCC_C_LANGUAGE_STANDARD = gnu99;
				GCC_DYNAMIC_NO_PIC = NO;
				GCC_OPTIMIZATION_LEVEL = 0;
				GCC_PREPROCESSOR_DEFINITIONS = (
					"DEBUG=1",
					"$(inherited)",
				);
				GCC_SYMBOLS_PRIVATE_EXTERN = NO;
				GCC_WARN_64_TO_32_BIT_CONVERSION = YES;
				GCC_WARN_ABOUT_RETURN_TYPE = YES_ERROR;
				GCC_WARN_UNDECLARED_SELECTOR = YES;
				GCC_WARN_UNINITIALIZED_AUTOS = YES_AGGRESSIVE;
				GCC_WARN_UNUSED_FUNCTION = YES;
				GCC_WARN_UNUSED_VARIABLE = YES;
				IPHONEOS_DEPLOYMENT_TARGET = 8.0;
				MTL_ENABLE_DEBUG_INFO = YES;
				ONLY_ACTIVE_ARCH = YES;
				SDKROOT = iphoneos;
				SWIFT_OPTIMIZATION_LEVEL = "-Onone";
			};
			name = Debug;
		};
		DCE319F419E9481C00F137F5 /* Release */ = {
			isa = XCBuildConfiguration;
			buildSettings = {
				ALWAYS_SEARCH_USER_PATHS = NO;
				CLANG_CXX_LANGUAGE_STANDARD = "gnu++0x";
				CLANG_CXX_LIBRARY = "libc++";
				CLANG_ENABLE_MODULES = YES;
				CLANG_ENABLE_OBJC_ARC = YES;
				CLANG_WARN_BOOL_CONVERSION = YES;
				CLANG_WARN_CONSTANT_CONVERSION = YES;
				CLANG_WARN_DIRECT_OBJC_ISA_USAGE = YES_ERROR;
				CLANG_WARN_EMPTY_BODY = YES;
				CLANG_WARN_ENUM_CONVERSION = YES;
				CLANG_WARN_INT_CONVERSION = YES;
				CLANG_WARN_OBJC_ROOT_CLASS = YES_ERROR;
				CLANG_WARN_UNREACHABLE_CODE = YES;
				CLANG_WARN__DUPLICATE_METHOD_MATCH = YES;
				"CODE_SIGN_IDENTITY[sdk=iphoneos*]" = "iPhone Developer";
				COPY_PHASE_STRIP = YES;
				ENABLE_NS_ASSERTIONS = NO;
				ENABLE_STRICT_OBJC_MSGSEND = YES;
				GCC_C_LANGUAGE_STANDARD = gnu99;
				GCC_WARN_64_TO_32_BIT_CONVERSION = YES;
				GCC_WARN_ABOUT_RETURN_TYPE = YES_ERROR;
				GCC_WARN_UNDECLARED_SELECTOR = YES;
				GCC_WARN_UNINITIALIZED_AUTOS = YES_AGGRESSIVE;
				GCC_WARN_UNUSED_FUNCTION = YES;
				GCC_WARN_UNUSED_VARIABLE = YES;
				IPHONEOS_DEPLOYMENT_TARGET = 8.0;
				MTL_ENABLE_DEBUG_INFO = NO;
				SDKROOT = iphoneos;
				VALIDATE_PRODUCT = YES;
			};
			name = Release;
		};
		DCE319F619E9481C00F137F5 /* Debug */ = {
			isa = XCBuildConfiguration;
			buildSettings = {
				ASSETCATALOG_COMPILER_APPICON_NAME = AppIcon;
				INFOPLIST_FILE = "sample-app-for-collectionview/Info.plist";
				LD_RUNPATH_SEARCH_PATHS = "$(inherited) @executable_path/Frameworks";
				PRODUCT_NAME = "$(TARGET_NAME)";
			};
			name = Debug;
		};
		DCE319F719E9481C00F137F5 /* Release */ = {
			isa = XCBuildConfiguration;
			buildSettings = {
				ASSETCATALOG_COMPILER_APPICON_NAME = AppIcon;
				INFOPLIST_FILE = "sample-app-for-collectionview/Info.plist";
				LD_RUNPATH_SEARCH_PATHS = "$(inherited) @executable_path/Frameworks";
				PRODUCT_NAME = "$(TARGET_NAME)";
			};
			name = Release;
		};
		DCE319F919E9481C00F137F5 /* Debug */ = {
			isa = XCBuildConfiguration;
			buildSettings = {
				BUNDLE_LOADER = "$(TEST_HOST)";
				FRAMEWORK_SEARCH_PATHS = (
					"$(SDKROOT)/Developer/Library/Frameworks",
					"$(inherited)",
				);
				GCC_PREPROCESSOR_DEFINITIONS = (
					"DEBUG=1",
					"$(inherited)",
				);
				INFOPLIST_FILE = "sample-app-for-collectionviewTests/Info.plist";
				LD_RUNPATH_SEARCH_PATHS = "$(inherited) @executable_path/Frameworks @loader_path/Frameworks";
				PRODUCT_NAME = "$(TARGET_NAME)";
				TEST_HOST = "$(BUILT_PRODUCTS_DIR)/sample-app-for-collectionview.app/sample-app-for-collectionview";
			};
			name = Debug;
		};
		DCE319FA19E9481C00F137F5 /* Release */ = {
			isa = XCBuildConfiguration;
			buildSettings = {
				BUNDLE_LOADER = "$(TEST_HOST)";
				FRAMEWORK_SEARCH_PATHS = (
					"$(SDKROOT)/Developer/Library/Frameworks",
					"$(inherited)",
				);
				INFOPLIST_FILE = "sample-app-for-collectionviewTests/Info.plist";
				LD_RUNPATH_SEARCH_PATHS = "$(inherited) @executable_path/Frameworks @loader_path/Frameworks";
				PRODUCT_NAME = "$(TARGET_NAME)";
				TEST_HOST = "$(BUILT_PRODUCTS_DIR)/sample-app-for-collectionview.app/sample-app-for-collectionview";
			};
			name = Release;
		};
/* End XCBuildConfiguration section */

/* Begin XCConfigurationList section */
		DCE319D119E9481C00F137F5 /* Build configuration list for PBXProject "sample-app-for-collectionview" */ = {
			isa = XCConfigurationList;
			buildConfigurations = (
				DCE319F319E9481C00F137F5 /* Debug */,
				DCE319F419E9481C00F137F5 /* Release */,
			);
			defaultConfigurationIsVisible = 0;
			defaultConfigurationName = Release;
		};
		DCE319F519E9481C00F137F5 /* Build configuration list for PBXNativeTarget "sample-app-for-collectionview" */ = {
			isa = XCConfigurationList;
			buildConfigurations = (
				DCE319F619E9481C00F137F5 /* Debug */,
				DCE319F719E9481C00F137F5 /* Release */,
			);
			defaultConfigurationIsVisible = 0;
			defaultConfigurationName = Release;
		};
		DCE319F819E9481C00F137F5 /* Build configuration list for PBXNativeTarget "sample-app-for-collectionviewTests" */ = {
			isa = XCConfigurationList;
			buildConfigurations = (
				DCE319F919E9481C00F137F5 /* Debug */,
				DCE319FA19E9481C00F137F5 /* Release */,
			);
			defaultConfigurationIsVisible = 0;
			defaultConfigurationName = Release;
		};
/* End XCConfigurationList section */
	};
	rootObject = DCE319CE19E9481C00F137F5 /* Project object */;
}
