// !$*UTF8*$!
{
	archiveVersion = 1;
	classes = {
	};
	objectVersion = 46;
	objects = {

/* Begin PBXBuildFile section */
		DC0186D11D27C835001F7D7D /* Himotoki.framework in Frameworks */ = {isa = PBXBuildFile; fileRef = DC0186CC1D27C835001F7D7D /* Himotoki.framework */; };
		DC0186D21D27C835001F7D7D /* Himotoki.framework in Embed Frameworks */ = {isa = PBXBuildFile; fileRef = DC0186CC1D27C835001F7D7D /* Himotoki.framework */; settings = {ATTRIBUTES = (CodeSignOnCopy, RemoveHeadersOnCopy, ); }; };
		DC0186D31D27C835001F7D7D /* RxBlocking.framework in Frameworks */ = {isa = PBXBuildFile; fileRef = DC0186CD1D27C835001F7D7D /* RxBlocking.framework */; };
		DC0186D41D27C835001F7D7D /* RxBlocking.framework in Embed Frameworks */ = {isa = PBXBuildFile; fileRef = DC0186CD1D27C835001F7D7D /* RxBlocking.framework */; settings = {ATTRIBUTES = (CodeSignOnCopy, RemoveHeadersOnCopy, ); }; };
		DC0186D51D27C835001F7D7D /* RxCocoa.framework in Frameworks */ = {isa = PBXBuildFile; fileRef = DC0186CE1D27C835001F7D7D /* RxCocoa.framework */; };
		DC0186D61D27C835001F7D7D /* RxCocoa.framework in Embed Frameworks */ = {isa = PBXBuildFile; fileRef = DC0186CE1D27C835001F7D7D /* RxCocoa.framework */; settings = {ATTRIBUTES = (CodeSignOnCopy, RemoveHeadersOnCopy, ); }; };
		DC0186D71D27C835001F7D7D /* RxSwift.framework in Frameworks */ = {isa = PBXBuildFile; fileRef = DC0186CF1D27C835001F7D7D /* RxSwift.framework */; };
		DC0186D81D27C835001F7D7D /* RxSwift.framework in Embed Frameworks */ = {isa = PBXBuildFile; fileRef = DC0186CF1D27C835001F7D7D /* RxSwift.framework */; settings = {ATTRIBUTES = (CodeSignOnCopy, RemoveHeadersOnCopy, ); }; };
		DC0186D91D27C836001F7D7D /* SwiftyJSON.framework in Frameworks */ = {isa = PBXBuildFile; fileRef = DC0186D01D27C835001F7D7D /* SwiftyJSON.framework */; };
		DC0186DA1D27C836001F7D7D /* SwiftyJSON.framework in Embed Frameworks */ = {isa = PBXBuildFile; fileRef = DC0186D01D27C835001F7D7D /* SwiftyJSON.framework */; settings = {ATTRIBUTES = (CodeSignOnCopy, RemoveHeadersOnCopy, ); }; };
		DC0186DC1D27DCE9001F7D7D /* Alamofire.framework in Frameworks */ = {isa = PBXBuildFile; fileRef = DC0186DB1D27DCE9001F7D7D /* Alamofire.framework */; };
		DC0186DD1D27DCE9001F7D7D /* Alamofire.framework in Embed Frameworks */ = {isa = PBXBuildFile; fileRef = DC0186DB1D27DCE9001F7D7D /* Alamofire.framework */; settings = {ATTRIBUTES = (CodeSignOnCopy, RemoveHeadersOnCopy, ); }; };
		DC0186F41D28C3F4001F7D7D /* ArgoItem.swift in Sources */ = {isa = PBXBuildFile; fileRef = DC0186F11D28C3F4001F7D7D /* ArgoItem.swift */; };
		DC0186F51D28C3F4001F7D7D /* ArgoUser.swift in Sources */ = {isa = PBXBuildFile; fileRef = DC0186F21D28C3F4001F7D7D /* ArgoUser.swift */; };
		DC0186F61D28C3F4001F7D7D /* RxSwiftArgoViewController.swift in Sources */ = {isa = PBXBuildFile; fileRef = DC0186F31D28C3F4001F7D7D /* RxSwiftArgoViewController.swift */; };
		DC0186FA1D28DFD5001F7D7D /* Argo.framework in Frameworks */ = {isa = PBXBuildFile; fileRef = DC0186F91D28DFD5001F7D7D /* Argo.framework */; };
		DC0186FB1D28DFD5001F7D7D /* Argo.framework in Embed Frameworks */ = {isa = PBXBuildFile; fileRef = DC0186F91D28DFD5001F7D7D /* Argo.framework */; settings = {ATTRIBUTES = (CodeSignOnCopy, RemoveHeadersOnCopy, ); }; };
		DC0186FD1D28DFFF001F7D7D /* Curry.framework in Frameworks */ = {isa = PBXBuildFile; fileRef = DC0186FC1D28DFFF001F7D7D /* Curry.framework */; };
		DC0186FE1D28DFFF001F7D7D /* Curry.framework in Embed Frameworks */ = {isa = PBXBuildFile; fileRef = DC0186FC1D28DFFF001F7D7D /* Curry.framework */; settings = {ATTRIBUTES = (CodeSignOnCopy, RemoveHeadersOnCopy, ); }; };
		DC7770E61D29EA3500A3263B /* Item.swift in Sources */ = {isa = PBXBuildFile; fileRef = DC7770E11D29EA3500A3263B /* Item.swift */; };
		DC7770E71D29EA3500A3263B /* User.swift in Sources */ = {isa = PBXBuildFile; fileRef = DC7770E21D29EA3500A3263B /* User.swift */; };
		DC7770E81D29EA3500A3263B /* NKJHTTPClient.swift in Sources */ = {isa = PBXBuildFile; fileRef = DC7770E31D29EA3500A3263B /* NKJHTTPClient.swift */; };
		DC7770E91D29EA3500A3263B /* RxSwiftHimotokiViewController.swift in Sources */ = {isa = PBXBuildFile; fileRef = DC7770E41D29EA3500A3263B /* RxSwiftHimotokiViewController.swift */; };
		DC7770EA1D29EA3500A3263B /* Scheculer.swift in Sources */ = {isa = PBXBuildFile; fileRef = DC7770E51D29EA3500A3263B /* Scheculer.swift */; };
		DC7770F01D29EAE300A3263B /* UnboxItem.swift in Sources */ = {isa = PBXBuildFile; fileRef = DC7770ED1D29EAE300A3263B /* UnboxItem.swift */; };
		DC7770F11D29EAE300A3263B /* UnboxUser.swift in Sources */ = {isa = PBXBuildFile; fileRef = DC7770EE1D29EAE300A3263B /* UnboxUser.swift */; };
		DC7770F21D29EAE300A3263B /* RxSwiftUnboxViewController.swift in Sources */ = {isa = PBXBuildFile; fileRef = DC7770EF1D29EAE300A3263B /* RxSwiftUnboxViewController.swift */; };
		DC7770F41D29ED1A00A3263B /* Unbox.framework in Frameworks */ = {isa = PBXBuildFile; fileRef = DC7770F31D29ED1A00A3263B /* Unbox.framework */; };
		DC7770F51D29ED1A00A3263B /* Unbox.framework in Embed Frameworks */ = {isa = PBXBuildFile; fileRef = DC7770F31D29ED1A00A3263B /* Unbox.framework */; settings = {ATTRIBUTES = (CodeSignOnCopy, RemoveHeadersOnCopy, ); }; };
		DCB414C61C6F4B7C009B077D /* TopTableViewController.swift in Sources */ = {isa = PBXBuildFile; fileRef = DCB414C51C6F4B7C009B077D /* TopTableViewController.swift */; };
		DCB414CA1C6F4DB4009B077D /* NormalCollectionViewController.swift in Sources */ = {isa = PBXBuildFile; fileRef = DCB414C91C6F4DB4009B077D /* NormalCollectionViewController.swift */; };
		DCE319DC19E9481C00F137F5 /* AppDelegate.swift in Sources */ = {isa = PBXBuildFile; fileRef = DCE319DB19E9481C00F137F5 /* AppDelegate.swift */; };
		DCE319E119E9481C00F137F5 /* Main.storyboard in Resources */ = {isa = PBXBuildFile; fileRef = DCE319DF19E9481C00F137F5 /* Main.storyboard */; };
		DCE319E319E9481C00F137F5 /* Images.xcassets in Resources */ = {isa = PBXBuildFile; fileRef = DCE319E219E9481C00F137F5 /* Images.xcassets */; };
		DCE319E619E9481C00F137F5 /* LaunchScreen.xib in Resources */ = {isa = PBXBuildFile; fileRef = DCE319E419E9481C00F137F5 /* LaunchScreen.xib */; };
		DCE319F219E9481C00F137F5 /* sample_app_for_collectionviewTests.swift in Sources */ = {isa = PBXBuildFile; fileRef = DCE319F119E9481C00F137F5 /* sample_app_for_collectionviewTests.swift */; };
		DCE319FE19E94E5300F137F5 /* CollectionViewCell.swift in Sources */ = {isa = PBXBuildFile; fileRef = DCE319FD19E94E5300F137F5 /* CollectionViewCell.swift */; };
/* End PBXBuildFile section */

/* Begin PBXContainerItemProxy section */
		DCE319EC19E9481C00F137F5 /* PBXContainerItemProxy */ = {
			isa = PBXContainerItemProxy;
			containerPortal = DCE319CE19E9481C00F137F5 /* Project object */;
			proxyType = 1;
			remoteGlobalIDString = DCE319D519E9481C00F137F5;
			remoteInfo = "sample-app-for-collectionview";
		};
/* End PBXContainerItemProxy section */

/* Begin PBXCopyFilesBuildPhase section */
		DC868DEB1C677418002228EF /* Embed Frameworks */ = {
			isa = PBXCopyFilesBuildPhase;
			buildActionMask = 2147483647;
			dstPath = "";
			dstSubfolderSpec = 10;
			files = (
				DC7770F51D29ED1A00A3263B /* Unbox.framework in Embed Frameworks */,
				DC0186FE1D28DFFF001F7D7D /* Curry.framework in Embed Frameworks */,
				DC0186D81D27C835001F7D7D /* RxSwift.framework in Embed Frameworks */,
				DC0186DD1D27DCE9001F7D7D /* Alamofire.framework in Embed Frameworks */,
				DC0186D61D27C835001F7D7D /* RxCocoa.framework in Embed Frameworks */,
				DC0186D21D27C835001F7D7D /* Himotoki.framework in Embed Frameworks */,
				DC0186D41D27C835001F7D7D /* RxBlocking.framework in Embed Frameworks */,
				DC0186DA1D27C836001F7D7D /* SwiftyJSON.framework in Embed Frameworks */,
				DC0186FB1D28DFD5001F7D7D /* Argo.framework in Embed Frameworks */,
			);
			name = "Embed Frameworks";
			runOnlyForDeploymentPostprocessing = 0;
		};
/* End PBXCopyFilesBuildPhase section */

/* Begin PBXFileReference section */
		07021E1D63C6C232E4D237E9 /* Pods-sample-app-for-collectionview.debug.xcconfig */ = {isa = PBXFileReference; includeInIndex = 1; lastKnownFileType = text.xcconfig; name = "Pods-sample-app-for-collectionview.debug.xcconfig"; path = "Pods/Target Support Files/Pods-sample-app-for-collectionview/Pods-sample-app-for-collectionview.debug.xcconfig"; sourceTree = "<group>"; };
		65AACCB809DBF203CAF2A82B /* Pods-sample-app-for-collectionviewTests.release.xcconfig */ = {isa = PBXFileReference; includeInIndex = 1; lastKnownFileType = text.xcconfig; name = "Pods-sample-app-for-collectionviewTests.release.xcconfig"; path = "Pods/Target Support Files/Pods-sample-app-for-collectionviewTests/Pods-sample-app-for-collectionviewTests.release.xcconfig"; sourceTree = "<group>"; };
		66FC76C3F959FBE5D4A72662 /* Pods-sample-app-for-collectionviewTests.debug.xcconfig */ = {isa = PBXFileReference; includeInIndex = 1; lastKnownFileType = text.xcconfig; name = "Pods-sample-app-for-collectionviewTests.debug.xcconfig"; path = "Pods/Target Support Files/Pods-sample-app-for-collectionviewTests/Pods-sample-app-for-collectionviewTests.debug.xcconfig"; sourceTree = "<group>"; };
		950225E74EA0CB21B68000E0 /* Pods.release.xcconfig */ = {isa = PBXFileReference; includeInIndex = 1; lastKnownFileType = text.xcconfig; name = Pods.release.xcconfig; path = "Pods/Target Support Files/Pods/Pods.release.xcconfig"; sourceTree = "<group>"; };
		C85C0CAFEFA7181ADEB8CC71 /* Pods-sample-app-for-collectionview.release.xcconfig */ = {isa = PBXFileReference; includeInIndex = 1; lastKnownFileType = text.xcconfig; name = "Pods-sample-app-for-collectionview.release.xcconfig"; path = "Pods/Target Support Files/Pods-sample-app-for-collectionview/Pods-sample-app-for-collectionview.release.xcconfig"; sourceTree = "<group>"; };
		DC0186CC1D27C835001F7D7D /* Himotoki.framework */ = {isa = PBXFileReference; lastKnownFileType = wrapper.framework; name = Himotoki.framework; path = Carthage/Build/iOS/Himotoki.framework; sourceTree = "<group>"; };
		DC0186CD1D27C835001F7D7D /* RxBlocking.framework */ = {isa = PBXFileReference; lastKnownFileType = wrapper.framework; name = RxBlocking.framework; path = Carthage/Build/iOS/RxBlocking.framework; sourceTree = "<group>"; };
		DC0186CE1D27C835001F7D7D /* RxCocoa.framework */ = {isa = PBXFileReference; lastKnownFileType = wrapper.framework; name = RxCocoa.framework; path = Carthage/Build/iOS/RxCocoa.framework; sourceTree = "<group>"; };
		DC0186CF1D27C835001F7D7D /* RxSwift.framework */ = {isa = PBXFileReference; lastKnownFileType = wrapper.framework; name = RxSwift.framework; path = Carthage/Build/iOS/RxSwift.framework; sourceTree = "<group>"; };
		DC0186D01D27C835001F7D7D /* SwiftyJSON.framework */ = {isa = PBXFileReference; lastKnownFileType = wrapper.framework; name = SwiftyJSON.framework; path = Carthage/Build/iOS/SwiftyJSON.framework; sourceTree = "<group>"; };
		DC0186DB1D27DCE9001F7D7D /* Alamofire.framework */ = {isa = PBXFileReference; lastKnownFileType = wrapper.framework; name = Alamofire.framework; path = Carthage/Build/iOS/Alamofire.framework; sourceTree = "<group>"; };
		DC0186F11D28C3F4001F7D7D /* ArgoItem.swift */ = {isa = PBXFileReference; fileEncoding = 4; lastKnownFileType = sourcecode.swift; path = ArgoItem.swift; sourceTree = "<group>"; };
		DC0186F21D28C3F4001F7D7D /* ArgoUser.swift */ = {isa = PBXFileReference; fileEncoding = 4; lastKnownFileType = sourcecode.swift; path = ArgoUser.swift; sourceTree = "<group>"; };
		DC0186F31D28C3F4001F7D7D /* RxSwiftArgoViewController.swift */ = {isa = PBXFileReference; fileEncoding = 4; lastKnownFileType = sourcecode.swift; path = RxSwiftArgoViewController.swift; sourceTree = "<group>"; };
		DC0186F91D28DFD5001F7D7D /* Argo.framework */ = {isa = PBXFileReference; lastKnownFileType = wrapper.framework; name = Argo.framework; path = Carthage/Build/iOS/Argo.framework; sourceTree = "<group>"; };
		DC0186FC1D28DFFF001F7D7D /* Curry.framework */ = {isa = PBXFileReference; lastKnownFileType = wrapper.framework; name = Curry.framework; path = Carthage/Build/iOS/Curry.framework; sourceTree = "<group>"; };
		DC7770E11D29EA3500A3263B /* Item.swift */ = {isa = PBXFileReference; fileEncoding = 4; lastKnownFileType = sourcecode.swift; path = Item.swift; sourceTree = "<group>"; };
		DC7770E21D29EA3500A3263B /* User.swift */ = {isa = PBXFileReference; fileEncoding = 4; lastKnownFileType = sourcecode.swift; path = User.swift; sourceTree = "<group>"; };
		DC7770E31D29EA3500A3263B /* NKJHTTPClient.swift */ = {isa = PBXFileReference; fileEncoding = 4; lastKnownFileType = sourcecode.swift; path = NKJHTTPClient.swift; sourceTree = "<group>"; };
		DC7770E41D29EA3500A3263B /* RxSwiftHimotokiViewController.swift */ = {isa = PBXFileReference; fileEncoding = 4; lastKnownFileType = sourcecode.swift; path = RxSwiftHimotokiViewController.swift; sourceTree = "<group>"; };
		DC7770E51D29EA3500A3263B /* Scheculer.swift */ = {isa = PBXFileReference; fileEncoding = 4; lastKnownFileType = sourcecode.swift; path = Scheculer.swift; sourceTree = "<group>"; };
		DC7770ED1D29EAE300A3263B /* UnboxItem.swift */ = {isa = PBXFileReference; fileEncoding = 4; lastKnownFileType = sourcecode.swift; path = UnboxItem.swift; sourceTree = "<group>"; };
		DC7770EE1D29EAE300A3263B /* UnboxUser.swift */ = {isa = PBXFileReference; fileEncoding = 4; lastKnownFileType = sourcecode.swift; path = UnboxUser.swift; sourceTree = "<group>"; };
		DC7770EF1D29EAE300A3263B /* RxSwiftUnboxViewController.swift */ = {isa = PBXFileReference; fileEncoding = 4; lastKnownFileType = sourcecode.swift; path = RxSwiftUnboxViewController.swift; sourceTree = "<group>"; };
		DC7770F31D29ED1A00A3263B /* Unbox.framework */ = {isa = PBXFileReference; lastKnownFileType = wrapper.framework; name = Unbox.framework; path = Carthage/Build/iOS/Unbox.framework; sourceTree = "<group>"; };
		DCB414C51C6F4B7C009B077D /* TopTableViewController.swift */ = {isa = PBXFileReference; fileEncoding = 4; lastKnownFileType = sourcecode.swift; path = TopTableViewController.swift; sourceTree = "<group>"; };
		DCB414C91C6F4DB4009B077D /* NormalCollectionViewController.swift */ = {isa = PBXFileReference; fileEncoding = 4; lastKnownFileType = sourcecode.swift; path = NormalCollectionViewController.swift; sourceTree = "<group>"; };
		DCE319D619E9481C00F137F5 /* sample-app-for-collectionview.app */ = {isa = PBXFileReference; explicitFileType = wrapper.application; includeInIndex = 0; path = "sample-app-for-collectionview.app"; sourceTree = BUILT_PRODUCTS_DIR; };
		DCE319DA19E9481C00F137F5 /* Info.plist */ = {isa = PBXFileReference; lastKnownFileType = text.plist.xml; path = Info.plist; sourceTree = "<group>"; };
		DCE319DB19E9481C00F137F5 /* AppDelegate.swift */ = {isa = PBXFileReference; lastKnownFileType = sourcecode.swift; path = AppDelegate.swift; sourceTree = "<group>"; };
		DCE319E019E9481C00F137F5 /* Base */ = {isa = PBXFileReference; lastKnownFileType = file.storyboard; name = Base; path = Base.lproj/Main.storyboard; sourceTree = "<group>"; };
		DCE319E219E9481C00F137F5 /* Images.xcassets */ = {isa = PBXFileReference; lastKnownFileType = folder.assetcatalog; path = Images.xcassets; sourceTree = "<group>"; };
		DCE319E519E9481C00F137F5 /* Base */ = {isa = PBXFileReference; lastKnownFileType = file.xib; name = Base; path = Base.lproj/LaunchScreen.xib; sourceTree = "<group>"; };
		DCE319EB19E9481C00F137F5 /* sample-app-for-collectionviewTests.xctest */ = {isa = PBXFileReference; explicitFileType = wrapper.cfbundle; includeInIndex = 0; path = "sample-app-for-collectionviewTests.xctest"; sourceTree = BUILT_PRODUCTS_DIR; };
		DCE319F019E9481C00F137F5 /* Info.plist */ = {isa = PBXFileReference; lastKnownFileType = text.plist.xml; path = Info.plist; sourceTree = "<group>"; };
		DCE319F119E9481C00F137F5 /* sample_app_for_collectionviewTests.swift */ = {isa = PBXFileReference; lastKnownFileType = sourcecode.swift; path = sample_app_for_collectionviewTests.swift; sourceTree = "<group>"; };
		DCE319FD19E94E5300F137F5 /* CollectionViewCell.swift */ = {isa = PBXFileReference; fileEncoding = 4; lastKnownFileType = sourcecode.swift; path = CollectionViewCell.swift; sourceTree = "<group>"; };
		EC430002CDB39B3A613381AF /* Pods.debug.xcconfig */ = {isa = PBXFileReference; includeInIndex = 1; lastKnownFileType = text.xcconfig; name = Pods.debug.xcconfig; path = "Pods/Target Support Files/Pods/Pods.debug.xcconfig"; sourceTree = "<group>"; };
/* End PBXFileReference section */

/* Begin PBXFrameworksBuildPhase section */
		DCE319D319E9481C00F137F5 /* Frameworks */ = {
			isa = PBXFrameworksBuildPhase;
			buildActionMask = 2147483647;
			files = (
				DC7770F41D29ED1A00A3263B /* Unbox.framework in Frameworks */,
				DC0186FD1D28DFFF001F7D7D /* Curry.framework in Frameworks */,
				DC0186D71D27C835001F7D7D /* RxSwift.framework in Frameworks */,
				DC0186DC1D27DCE9001F7D7D /* Alamofire.framework in Frameworks */,
				DC0186D11D27C835001F7D7D /* Himotoki.framework in Frameworks */,
				DC0186D91D27C836001F7D7D /* SwiftyJSON.framework in Frameworks */,
				DC0186D51D27C835001F7D7D /* RxCocoa.framework in Frameworks */,
				DC0186D31D27C835001F7D7D /* RxBlocking.framework in Frameworks */,
				DC0186FA1D28DFD5001F7D7D /* Argo.framework in Frameworks */,
			);
			runOnlyForDeploymentPostprocessing = 0;
		};
		DCE319E819E9481C00F137F5 /* Frameworks */ = {
			isa = PBXFrameworksBuildPhase;
			buildActionMask = 2147483647;
			files = (
			);
			runOnlyForDeploymentPostprocessing = 0;
		};
/* End PBXFrameworksBuildPhase section */

/* Begin PBXGroup section */
		C0F12C3FA3BE0FF55F6B0B47 /* Frameworks */ = {
			isa = PBXGroup;
			children = (
				DC7770F31D29ED1A00A3263B /* Unbox.framework */,
				DC0186FC1D28DFFF001F7D7D /* Curry.framework */,
				DC0186F91D28DFD5001F7D7D /* Argo.framework */,
				DC0186DB1D27DCE9001F7D7D /* Alamofire.framework */,
				DC0186CC1D27C835001F7D7D /* Himotoki.framework */,
				DC0186CD1D27C835001F7D7D /* RxBlocking.framework */,
				DC0186CE1D27C835001F7D7D /* RxCocoa.framework */,
				DC0186CF1D27C835001F7D7D /* RxSwift.framework */,
				DC0186D01D27C835001F7D7D /* SwiftyJSON.framework */,
			);
			name = Frameworks;
			sourceTree = "<group>";
		};
		DC0186EF1D28BFCD001F7D7D /* RxSwift+Argo */ = {
			isa = PBXGroup;
			children = (
				DC0186F01D28C3F4001F7D7D /* Models */,
				DC0186F31D28C3F4001F7D7D /* RxSwiftArgoViewController.swift */,
			);
			path = "RxSwift+Argo";
			sourceTree = "<group>";
		};
		DC0186F01D28C3F4001F7D7D /* Models */ = {
			isa = PBXGroup;
			children = (
				DC0186F11D28C3F4001F7D7D /* ArgoItem.swift */,
				DC0186F21D28C3F4001F7D7D /* ArgoUser.swift */,
			);
			path = Models;
			sourceTree = "<group>";
		};
		DC7770DF1D29EA3500A3263B /* RxSwift+Himotoki */ = {
			isa = PBXGroup;
			children = (
				DC7770E01D29EA3500A3263B /* Models */,
				DC7770E31D29EA3500A3263B /* NKJHTTPClient.swift */,
				DC7770E41D29EA3500A3263B /* RxSwiftHimotokiViewController.swift */,
				DC7770E51D29EA3500A3263B /* Scheculer.swift */,
			);
			path = "RxSwift+Himotoki";
			sourceTree = "<group>";
		};
		DC7770E01D29EA3500A3263B /* Models */ = {
			isa = PBXGroup;
			children = (
				DC7770E11D29EA3500A3263B /* Item.swift */,
				DC7770E21D29EA3500A3263B /* User.swift */,
			);
			path = Models;
			sourceTree = "<group>";
		};
		DC7770EB1D29EAE300A3263B /* RxSwift+Unbox */ = {
			isa = PBXGroup;
			children = (
				DC7770EC1D29EAE300A3263B /* Models */,
				DC7770EF1D29EAE300A3263B /* RxSwiftUnboxViewController.swift */,
			);
			path = "RxSwift+Unbox";
			sourceTree = "<group>";
		};
		DC7770EC1D29EAE300A3263B /* Models */ = {
			isa = PBXGroup;
			children = (
				DC7770ED1D29EAE300A3263B /* UnboxItem.swift */,
				DC7770EE1D29EAE300A3263B /* UnboxUser.swift */,
			);
			path = Models;
			sourceTree = "<group>";
		};
		DCB414C81C6F4CF6009B077D /* Normal */ = {
			isa = PBXGroup;
			children = (
				DCB414C91C6F4DB4009B077D /* NormalCollectionViewController.swift */,
			);
			name = Normal;
			sourceTree = "<group>";
		};
		DCE319CD19E9481C00F137F5 = {
			isa = PBXGroup;
			children = (
				DCE319D819E9481C00F137F5 /* sample-app-for-collectionview */,
				DCE319EE19E9481C00F137F5 /* sample-app-for-collectionviewTests */,
				DCE319D719E9481C00F137F5 /* Products */,
				FB7D14CE450A24ED21914367 /* Pods */,
				C0F12C3FA3BE0FF55F6B0B47 /* Frameworks */,
			);
			sourceTree = "<group>";
		};
		DCE319D719E9481C00F137F5 /* Products */ = {
			isa = PBXGroup;
			children = (
				DCE319D619E9481C00F137F5 /* sample-app-for-collectionview.app */,
				DCE319EB19E9481C00F137F5 /* sample-app-for-collectionviewTests.xctest */,
			);
			name = Products;
			sourceTree = "<group>";
		};
		DCE319D819E9481C00F137F5 /* sample-app-for-collectionview */ = {
			isa = PBXGroup;
			children = (
				DCE319D919E9481C00F137F5 /* Supporting Files */,
				DCE319DF19E9481C00F137F5 /* Main.storyboard */,
				DCE319E419E9481C00F137F5 /* LaunchScreen.xib */,
				DCE319E219E9481C00F137F5 /* Images.xcassets */,
				DCE319DB19E9481C00F137F5 /* AppDelegate.swift */,
				DCE319FD19E94E5300F137F5 /* CollectionViewCell.swift */,
				DCB414C51C6F4B7C009B077D /* TopTableViewController.swift */,
				DC7770EB1D29EAE300A3263B /* RxSwift+Unbox */,
				DC7770DF1D29EA3500A3263B /* RxSwift+Himotoki */,
				DC0186EF1D28BFCD001F7D7D /* RxSwift+Argo */,
				DCB414C81C6F4CF6009B077D /* Normal */,
			);
			path = "sample-app-for-collectionview";
			sourceTree = "<group>";
		};
		DCE319D919E9481C00F137F5 /* Supporting Files */ = {
			isa = PBXGroup;
			children = (
				DCE319DA19E9481C00F137F5 /* Info.plist */,
			);
			name = "Supporting Files";
			sourceTree = "<group>";
		};
		DCE319EE19E9481C00F137F5 /* sample-app-for-collectionviewTests */ = {
			isa = PBXGroup;
			children = (
				DCE319F119E9481C00F137F5 /* sample_app_for_collectionviewTests.swift */,
				DCE319EF19E9481C00F137F5 /* Supporting Files */,
			);
			path = "sample-app-for-collectionviewTests";
			sourceTree = "<group>";
		};
		DCE319EF19E9481C00F137F5 /* Supporting Files */ = {
			isa = PBXGroup;
			children = (
				DCE319F019E9481C00F137F5 /* Info.plist */,
			);
			name = "Supporting Files";
			sourceTree = "<group>";
		};
		FB7D14CE450A24ED21914367 /* Pods */ = {
			isa = PBXGroup;
			children = (
				EC430002CDB39B3A613381AF /* Pods.debug.xcconfig */,
				950225E74EA0CB21B68000E0 /* Pods.release.xcconfig */,
				07021E1D63C6C232E4D237E9 /* Pods-sample-app-for-collectionview.debug.xcconfig */,
				C85C0CAFEFA7181ADEB8CC71 /* Pods-sample-app-for-collectionview.release.xcconfig */,
				66FC76C3F959FBE5D4A72662 /* Pods-sample-app-for-collectionviewTests.debug.xcconfig */,
				65AACCB809DBF203CAF2A82B /* Pods-sample-app-for-collectionviewTests.release.xcconfig */,
			);
			name = Pods;
			sourceTree = "<group>";
		};
/* End PBXGroup section */

/* Begin PBXNativeTarget section */
		DCE319D519E9481C00F137F5 /* sample-app-for-collectionview */ = {
			isa = PBXNativeTarget;
			buildConfigurationList = DCE319F519E9481C00F137F5 /* Build configuration list for PBXNativeTarget "sample-app-for-collectionview" */;
			buildPhases = (
				DCE319D219E9481C00F137F5 /* Sources */,
				DCE319D319E9481C00F137F5 /* Frameworks */,
				DCE319D419E9481C00F137F5 /* Resources */,
				DC868DEB1C677418002228EF /* Embed Frameworks */,
			);
			buildRules = (
			);
			dependencies = (
			);
			name = "sample-app-for-collectionview";
			productName = "sample-app-for-collectionview";
			productReference = DCE319D619E9481C00F137F5 /* sample-app-for-collectionview.app */;
			productType = "com.apple.product-type.application";
		};
		DCE319EA19E9481C00F137F5 /* sample-app-for-collectionviewTests */ = {
			isa = PBXNativeTarget;
			buildConfigurationList = DCE319F819E9481C00F137F5 /* Build configuration list for PBXNativeTarget "sample-app-for-collectionviewTests" */;
			buildPhases = (
				DCE319E719E9481C00F137F5 /* Sources */,
				DCE319E819E9481C00F137F5 /* Frameworks */,
				DCE319E919E9481C00F137F5 /* Resources */,
			);
			buildRules = (
			);
			dependencies = (
				DCE319ED19E9481C00F137F5 /* PBXTargetDependency */,
			);
			name = "sample-app-for-collectionviewTests";
			productName = "sample-app-for-collectionviewTests";
			productReference = DCE319EB19E9481C00F137F5 /* sample-app-for-collectionviewTests.xctest */;
			productType = "com.apple.product-type.bundle.unit-test";
		};
/* End PBXNativeTarget section */

/* Begin PBXProject section */
		DCE319CE19E9481C00F137F5 /* Project object */ = {
			isa = PBXProject;
			attributes = {
				LastSwiftMigration = 0720;
				LastSwiftUpdateCheck = 0720;
				LastUpgradeCheck = 0720;
				ORGANIZATIONNAME = net.nakajijapan;
				TargetAttributes = {
					DCE319D519E9481C00F137F5 = {
						CreatedOnToolsVersion = 6.0.1;
					};
					DCE319EA19E9481C00F137F5 = {
						CreatedOnToolsVersion = 6.0.1;
						TestTargetID = DCE319D519E9481C00F137F5;
					};
				};
			};
			buildConfigurationList = DCE319D119E9481C00F137F5 /* Build configuration list for PBXProject "sample-app-for-collectionview" */;
			compatibilityVersion = "Xcode 3.2";
			developmentRegion = English;
			hasScannedForEncodings = 0;
			knownRegions = (
				en,
				Base,
			);
			mainGroup = DCE319CD19E9481C00F137F5;
			productRefGroup = DCE319D719E9481C00F137F5 /* Products */;
			projectDirPath = "";
			projectRoot = "";
			targets = (
				DCE319D519E9481C00F137F5 /* sample-app-for-collectionview */,
				DCE319EA19E9481C00F137F5 /* sample-app-for-collectionviewTests */,
			);
		};
/* End PBXProject section */

/* Begin PBXResourcesBuildPhase section */
		DCE319D419E9481C00F137F5 /* Resources */ = {
			isa = PBXResourcesBuildPhase;
			buildActionMask = 2147483647;
			files = (
				DCE319E119E9481C00F137F5 /* Main.storyboard in Resources */,
				DCE319E619E9481C00F137F5 /* LaunchScreen.xib in Resources */,
				DCE319E319E9481C00F137F5 /* Images.xcassets in Resources */,
			);
			runOnlyForDeploymentPostprocessing = 0;
		};
		DCE319E919E9481C00F137F5 /* Resources */ = {
			isa = PBXResourcesBuildPhase;
			buildActionMask = 2147483647;
			files = (
			);
			runOnlyForDeploymentPostprocessing = 0;
		};
/* End PBXResourcesBuildPhase section */

/* Begin PBXSourcesBuildPhase section */
		DCE319D219E9481C00F137F5 /* Sources */ = {
			isa = PBXSourcesBuildPhase;
			buildActionMask = 2147483647;
			files = (
				DC7770E81D29EA3500A3263B /* NKJHTTPClient.swift in Sources */,
				DC0186F61D28C3F4001F7D7D /* RxSwiftArgoViewController.swift in Sources */,
				DC0186F51D28C3F4001F7D7D /* ArgoUser.swift in Sources */,
				DCE319DC19E9481C00F137F5 /* AppDelegate.swift in Sources */,
				DC7770F01D29EAE300A3263B /* UnboxItem.swift in Sources */,
				DC7770E71D29EA3500A3263B /* User.swift in Sources */,
				DC7770E91D29EA3500A3263B /* RxSwiftHimotokiViewController.swift in Sources */,
				DC7770F21D29EAE300A3263B /* RxSwiftUnboxViewController.swift in Sources */,
				DC7770E61D29EA3500A3263B /* Item.swift in Sources */,
				DC7770EA1D29EA3500A3263B /* Scheculer.swift in Sources */,
				DC0186F41D28C3F4001F7D7D /* ArgoItem.swift in Sources */,
				DCB414CA1C6F4DB4009B077D /* NormalCollectionViewController.swift in Sources */,
				DC7770F11D29EAE300A3263B /* UnboxUser.swift in Sources */,
				DCB414C61C6F4B7C009B077D /* TopTableViewController.swift in Sources */,
				DCE319FE19E94E5300F137F5 /* CollectionViewCell.swift in Sources */,
			);
			runOnlyForDeploymentPostprocessing = 0;
		};
		DCE319E719E9481C00F137F5 /* Sources */ = {
			isa = PBXSourcesBuildPhase;
			buildActionMask = 2147483647;
			files = (
				DCE319F219E9481C00F137F5 /* sample_app_for_collectionviewTests.swift in Sources */,
			);
			runOnlyForDeploymentPostprocessing = 0;
		};
/* End PBXSourcesBuildPhase section */

/* Begin PBXTargetDependency section */
		DCE319ED19E9481C00F137F5 /* PBXTargetDependency */ = {
			isa = PBXTargetDependency;
			target = DCE319D519E9481C00F137F5 /* sample-app-for-collectionview */;
			targetProxy = DCE319EC19E9481C00F137F5 /* PBXContainerItemProxy */;
		};
/* End PBXTargetDependency section */

/* Begin PBXVariantGroup section */
		DCE319DF19E9481C00F137F5 /* Main.storyboard */ = {
			isa = PBXVariantGroup;
			children = (
				DCE319E019E9481C00F137F5 /* Base */,
			);
			name = Main.storyboard;
			sourceTree = "<group>";
		};
		DCE319E419E9481C00F137F5 /* LaunchScreen.xib */ = {
			isa = PBXVariantGroup;
			children = (
				DCE319E519E9481C00F137F5 /* Base */,
			);
			name = LaunchScreen.xib;
			sourceTree = "<group>";
		};
/* End PBXVariantGroup section */

/* Begin XCBuildConfiguration section */
		DCE319F319E9481C00F137F5 /* Debug */ = {
			isa = XCBuildConfiguration;
			buildSettings = {
				ALWAYS_SEARCH_USER_PATHS = NO;
				CLANG_CXX_LANGUAGE_STANDARD = "gnu++0x";
				CLANG_CXX_LIBRARY = "libc++";
				CLANG_ENABLE_MODULES = YES;
				CLANG_ENABLE_OBJC_ARC = YES;
				CLANG_WARN_BOOL_CONVERSION = YES;
				CLANG_WARN_CONSTANT_CONVERSION = YES;
				CLANG_WARN_DIRECT_OBJC_ISA_USAGE = YES_ERROR;
				CLANG_WARN_EMPTY_BODY = YES;
				CLANG_WARN_ENUM_CONVERSION = YES;
				CLANG_WARN_INT_CONVERSION = YES;
				CLANG_WARN_OBJC_ROOT_CLASS = YES_ERROR;
				CLANG_WARN_UNREACHABLE_CODE = YES;
				CLANG_WARN__DUPLICATE_METHOD_MATCH = YES;
				"CODE_SIGN_IDENTITY[sdk=iphoneos*]" = "iPhone Developer";
				COPY_PHASE_STRIP = NO;
				ENABLE_STRICT_OBJC_MSGSEND = YES;
				ENABLE_TESTABILITY = YES;
				GCC_C_LANGUAGE_STANDARD = gnu99;
				GCC_DYNAMIC_NO_PIC = NO;
				GCC_OPTIMIZATION_LEVEL = 0;
				GCC_PREPROCESSOR_DEFINITIONS = (
					"DEBUG=1",
					"$(inherited)",
				);
				GCC_SYMBOLS_PRIVATE_EXTERN = NO;
				GCC_WARN_64_TO_32_BIT_CONVERSION = YES;
				GCC_WARN_ABOUT_RETURN_TYPE = YES_ERROR;
				GCC_WARN_UNDECLARED_SELECTOR = YES;
				GCC_WARN_UNINITIALIZED_AUTOS = YES_AGGRESSIVE;
				GCC_WARN_UNUSED_FUNCTION = YES;
				GCC_WARN_UNUSED_VARIABLE = YES;
				IPHONEOS_DEPLOYMENT_TARGET = 8.0;
				MTL_ENABLE_DEBUG_INFO = YES;
				ONLY_ACTIVE_ARCH = YES;
				SDKROOT = iphoneos;
				SWIFT_OPTIMIZATION_LEVEL = "-Onone";
			};
			name = Debug;
		};
		DCE319F419E9481C00F137F5 /* Release */ = {
			isa = XCBuildConfiguration;
			buildSettings = {
				ALWAYS_SEARCH_USER_PATHS = NO;
				CLANG_CXX_LANGUAGE_STANDARD = "gnu++0x";
				CLANG_CXX_LIBRARY = "libc++";
				CLANG_ENABLE_MODULES = YES;
				CLANG_ENABLE_OBJC_ARC = YES;
				CLANG_WARN_BOOL_CONVERSION = YES;
				CLANG_WARN_CONSTANT_CONVERSION = YES;
				CLANG_WARN_DIRECT_OBJC_ISA_USAGE = YES_ERROR;
				CLANG_WARN_EMPTY_BODY = YES;
				CLANG_WARN_ENUM_CONVERSION = YES;
				CLANG_WARN_INT_CONVERSION = YES;
				CLANG_WARN_OBJC_ROOT_CLASS = YES_ERROR;
				CLANG_WARN_UNREACHABLE_CODE = YES;
				CLANG_WARN__DUPLICATE_METHOD_MATCH = YES;
				"CODE_SIGN_IDENTITY[sdk=iphoneos*]" = "iPhone Developer";
				COPY_PHASE_STRIP = YES;
				ENABLE_NS_ASSERTIONS = NO;
				ENABLE_STRICT_OBJC_MSGSEND = YES;
				GCC_C_LANGUAGE_STANDARD = gnu99;
				GCC_WARN_64_TO_32_BIT_CONVERSION = YES;
				GCC_WARN_ABOUT_RETURN_TYPE = YES_ERROR;
				GCC_WARN_UNDECLARED_SELECTOR = YES;
				GCC_WARN_UNINITIALIZED_AUTOS = YES_AGGRESSIVE;
				GCC_WARN_UNUSED_FUNCTION = YES;
				GCC_WARN_UNUSED_VARIABLE = YES;
				IPHONEOS_DEPLOYMENT_TARGET = 8.0;
				MTL_ENABLE_DEBUG_INFO = NO;
				SDKROOT = iphoneos;
				VALIDATE_PRODUCT = YES;
			};
			name = Release;
		};
		DCE319F619E9481C00F137F5 /* Debug */ = {
			isa = XCBuildConfiguration;
			buildSettings = {
				ASSETCATALOG_COMPILER_APPICON_NAME = AppIcon;
				FRAMEWORK_SEARCH_PATHS = (
					"$(inherited)",
					"$(PROJECT_DIR)/Carthage/Build/iOS",
					"$(PROJECT_DIR)/build/Debug-iphoneos",
				);
				INFOPLIST_FILE = "sample-app-for-collectionview/Info.plist";
				LD_RUNPATH_SEARCH_PATHS = "$(inherited) @executable_path/Frameworks";
				PRODUCT_BUNDLE_IDENTIFIER = "net.nakajijapan.$(PRODUCT_NAME:rfc1034identifier)";
				PRODUCT_NAME = "$(TARGET_NAME)";
			};
			name = Debug;
		};
		DCE319F719E9481C00F137F5 /* Release */ = {
			isa = XCBuildConfiguration;
			buildSettings = {
				ASSETCATALOG_COMPILER_APPICON_NAME = AppIcon;
				FRAMEWORK_SEARCH_PATHS = (
					"$(inherited)",
					"$(PROJECT_DIR)/Carthage/Build/iOS",
					"$(PROJECT_DIR)/build/Debug-iphoneos",
				);
				INFOPLIST_FILE = "sample-app-for-collectionview/Info.plist";
				LD_RUNPATH_SEARCH_PATHS = "$(inherited) @executable_path/Frameworks";
				PRODUCT_BUNDLE_IDENTIFIER = "net.nakajijapan.$(PRODUCT_NAME:rfc1034identifier)";
				PRODUCT_NAME = "$(TARGET_NAME)";
			};
			name = Release;
		};
		DCE319F919E9481C00F137F5 /* Debug */ = {
			isa = XCBuildConfiguration;
			buildSettings = {
				BUNDLE_LOADER = "$(TEST_HOST)";
				FRAMEWORK_SEARCH_PATHS = (
					"$(SDKROOT)/Developer/Library/Frameworks",
					"$(inherited)",
				);
				GCC_PREPROCESSOR_DEFINITIONS = (
					"DEBUG=1",
					"$(inherited)",
				);
				INFOPLIST_FILE = "sample-app-for-collectionviewTests/Info.plist";
				LD_RUNPATH_SEARCH_PATHS = "$(inherited) @executable_path/Frameworks @loader_path/Frameworks";
				PRODUCT_BUNDLE_IDENTIFIER = "net.nakajijapan.$(PRODUCT_NAME:rfc1034identifier)";
				PRODUCT_NAME = "$(TARGET_NAME)";
				TEST_HOST = "$(BUILT_PRODUCTS_DIR)/sample-app-for-collectionview.app/sample-app-for-collectionview";
			};
			name = Debug;
		};
		DCE319FA19E9481C00F137F5 /* Release */ = {
			isa = XCBuildConfiguration;
			buildSettings = {
				BUNDLE_LOADER = "$(TEST_HOST)";
				FRAMEWORK_SEARCH_PATHS = (
					"$(SDKROOT)/Developer/Library/Frameworks",
					"$(inherited)",
				);
				INFOPLIST_FILE = "sample-app-for-collectionviewTests/Info.plist";
				LD_RUNPATH_SEARCH_PATHS = "$(inherited) @executable_path/Frameworks @loader_path/Frameworks";
				PRODUCT_BUNDLE_IDENTIFIER = "net.nakajijapan.$(PRODUCT_NAME:rfc1034identifier)";
				PRODUCT_NAME = "$(TARGET_NAME)";
				TEST_HOST = "$(BUILT_PRODUCTS_DIR)/sample-app-for-collectionview.app/sample-app-for-collectionview";
			};
			name = Release;
		};
/* End XCBuildConfiguration section */

/* Begin XCConfigurationList section */
		DCE319D119E9481C00F137F5 /* Build configuration list for PBXProject "sample-app-for-collectionview" */ = {
			isa = XCConfigurationList;
			buildConfigurations = (
				DCE319F319E9481C00F137F5 /* Debug */,
				DCE319F419E9481C00F137F5 /* Release */,
			);
			defaultConfigurationIsVisible = 0;
			defaultConfigurationName = Release;
		};
		DCE319F519E9481C00F137F5 /* Build configuration list for PBXNativeTarget "sample-app-for-collectionview" */ = {
			isa = XCConfigurationList;
			buildConfigurations = (
				DCE319F619E9481C00F137F5 /* Debug */,
				DCE319F719E9481C00F137F5 /* Release */,
			);
			defaultConfigurationIsVisible = 0;
			defaultConfigurationName = Release;
		};
		DCE319F819E9481C00F137F5 /* Build configuration list for PBXNativeTarget "sample-app-for-collectionviewTests" */ = {
			isa = XCConfigurationList;
			buildConfigurations = (
				DCE319F919E9481C00F137F5 /* Debug */,
				DCE319FA19E9481C00F137F5 /* Release */,
			);
			defaultConfigurationIsVisible = 0;
			defaultConfigurationName = Release;
		};
/* End XCConfigurationList section */
	};
	rootObject = DCE319CE19E9481C00F137F5 /* Project object */;
}
